
Microsoft Visual Studio Solution File, Format Version 12.00
# Visual Studio Version 16
VisualStudioVersion = 25.0.1706.4
MinimumVisualStudioVersion = 10.0.40219.1
Project("{FAE04EC0-301F-11D3-BF4B-00C04F79EFBC}") = "TodoApplication", "TodoApplication\TodoApplication.csproj", "{18658B10-B074-491F-BF93-0692554B5DE4}"
EndProject
Global
	GlobalSection(SolutionConfigurationPlatforms) = preSolution
		Debug|Any CPU = Debug|Any CPU
		Release|Any CPU = Release|Any CPU
	EndGlobalSection
	GlobalSection(ProjectConfigurationPlatforms) = postSolution
		{18658B10-B074-491F-BF93-0692554B5DE4}.Debug|Any CPU.ActiveCfg = Debug|Any CPU
		{18658B10-B074-491F-BF93-0692554B5DE4}.Debug|Any CPU.Build.0 = Debug|Any CPU
		{18658B10-B074-491F-BF93-0692554B5DE4}.Release|Any CPU.ActiveCfg = Release|Any CPU
		{18658B10-B074-491F-BF93-0692554B5DE4}.Release|Any CPU.Build.0 = Release|Any CPU
	EndGlobalSection
	GlobalSection(SolutionProperties) = preSolution
		HideSolutionNode = FALSE
	EndGlobalSection
	GlobalSection(ExtensibilityGlobals) = postSolution
		SolutionGuid = {59CF01DF-BC45-482C-950D-D99C1E42AD2F}
	EndGlobalSection
EndGlobal
